
Microsoft Visual Studio Solution File, Format Version 12.00
# Visual Studio Version 17
VisualStudioVersion = 17.0.31903.59
MinimumVisualStudioVersion = 10.0.40219.1
Project("{FAE04EC0-301F-11D3-BF4B-00C04F79EFBC}") = "VlbBet.App", "VlbBet.App\VlbBet.App.csproj", "{5190FBA5-8D09-415E-956A-A1706DA7836E}"
EndProject
Project("{FAE04EC0-301F-11D3-BF4B-00C04F79EFBC}") = "VlbBet.Core", "VlbBet.Core\VlbBet.Core.csproj", "{86A794DC-EE90-47A0-BD7F-861A56A24F29}"
EndProject
Project("{FAE04EC0-301F-11D3-BF4B-00C04F79EFBC}") = "VlbBet.Infrastructure", "VlbBet.Infrastructure\VlbBet.Infrastructure.csproj", "{F852EBA8-79A6-4E21-BA92-F2A1DF151E69}"
	ProjectSection(ProjectDependencies) = postProject
		{86A794DC-EE90-47A0-BD7F-861A56A24F29} = {86A794DC-EE90-47A0-BD7F-861A56A24F29}
	EndProjectSection
EndProject
Global
	GlobalSection(SolutionConfigurationPlatforms) = preSolution
		Debug|Any CPU = Debug|Any CPU
		Release|Any CPU = Release|Any CPU
	EndGlobalSection
	GlobalSection(ProjectConfigurationPlatforms) = postSolution
		{5190FBA5-8D09-415E-956A-A1706DA7836E}.Debug|Any CPU.ActiveCfg = Debug|Any CPU
		{5190FBA5-8D09-415E-956A-A1706DA7836E}.Debug|Any CPU.Build.0 = Debug|Any CPU
		{5190FBA5-8D09-415E-956A-A1706DA7836E}.Release|Any CPU.ActiveCfg = Release|Any CPU
		{5190FBA5-8D09-415E-956A-A1706DA7836E}.Release|Any CPU.Build.0 = Release|Any CPU
		{86A794DC-EE90-47A0-BD7F-861A56A24F29}.Debug|Any CPU.ActiveCfg = Debug|Any CPU
		{86A794DC-EE90-47A0-BD7F-861A56A24F29}.Debug|Any CPU.Build.0 = Debug|Any CPU
		{86A794DC-EE90-47A0-BD7F-861A56A24F29}.Release|Any CPU.ActiveCfg = Release|Any CPU
		{86A794DC-EE90-47A0-BD7F-861A56A24F29}.Release|Any CPU.Build.0 = Release|Any CPU
		{F852EBA8-79A6-4E21-BA92-F2A1DF151E69}.Debug|Any CPU.ActiveCfg = Debug|Any CPU
		{F852EBA8-79A6-4E21-BA92-F2A1DF151E69}.Debug|Any CPU.Build.0 = Debug|Any CPU
		{F852EBA8-79A6-4E21-BA92-F2A1DF151E69}.Release|Any CPU.ActiveCfg = Release|Any CPU
		{F852EBA8-79A6-4E21-BA92-F2A1DF151E69}.Release|Any CPU.Build.0 = Release|Any CPU
	EndGlobalSection
	GlobalSection(SolutionProperties) = preSolution
		HideSolutionNode = FALSE
	EndGlobalSection
EndGlobal
